
Microsoft Visual Studio Solution File, Format Version 12.00
# Visual Studio Version 17
VisualStudioVersion = 17.5.33502.453
MinimumVisualStudioVersion = 10.0.40219.1
Project("{9A19103F-16F7-4668-BE54-9A1E7A4F7556}") = "TestLibrary", "TestLibrary\TestLibrary.csproj", "{1542FF69-EDDB-42C4-A6FC-21F9283D1D88}"
EndProject
Project("{FAE04EC0-301F-11D3-BF4B-00C04F79EFBC}") = "MauiApp1", "MauiApp1\MauiApp1.csproj", "{AB40AF89-75AA-4BFF-927B-EB3F088EB88E}"
EndProject
Global
	GlobalSection(SolutionConfigurationPlatforms) = preSolution
		Debug|Any CPU = Debug|Any CPU
		Release|Any CPU = Release|Any CPU
	EndGlobalSection
	GlobalSection(ProjectConfigurationPlatforms) = postSolution
		{1542FF69-EDDB-42C4-A6FC-21F9283D1D88}.Debug|Any CPU.ActiveCfg = Debug|Any CPU
		{1542FF69-EDDB-42C4-A6FC-21F9283D1D88}.Debug|Any CPU.Build.0 = Debug|Any CPU
		{1542FF69-EDDB-42C4-A6FC-21F9283D1D88}.Release|Any CPU.ActiveCfg = Release|Any CPU
		{1542FF69-EDDB-42C4-A6FC-21F9283D1D88}.Release|Any CPU.Build.0 = Release|Any CPU
		{AB40AF89-75AA-4BFF-927B-EB3F088EB88E}.Debug|Any CPU.ActiveCfg = Debug|Any CPU
		{AB40AF89-75AA-4BFF-927B-EB3F088EB88E}.Debug|Any CPU.Build.0 = Debug|Any CPU
		{AB40AF89-75AA-4BFF-927B-EB3F088EB88E}.Debug|Any CPU.Deploy.0 = Debug|Any CPU
		{AB40AF89-75AA-4BFF-927B-EB3F088EB88E}.Release|Any CPU.ActiveCfg = Release|Any CPU
		{AB40AF89-75AA-4BFF-927B-EB3F088EB88E}.Release|Any CPU.Build.0 = Release|Any CPU
		{AB40AF89-75AA-4BFF-927B-EB3F088EB88E}.Release|Any CPU.Deploy.0 = Release|Any CPU
	EndGlobalSection
	GlobalSection(SolutionProperties) = preSolution
		HideSolutionNode = FALSE
	EndGlobalSection
	GlobalSection(ExtensibilityGlobals) = postSolution
		SolutionGuid = {18F934BD-BE0E-4FD8-A220-CD662D584492}
	EndGlobalSection
EndGlobal
